{
  "lockfileVersion": 1,
  "configVersion": 1,
  "workspaces": {
    "": {
      "name": "@0xd49daa/safecrypt",
      "dependencies": {
        "@scure/bip39": "1.4.0",
        "libsodium-wrappers-sumo": "0.7.15",
      },
      "devDependencies": {
        "@types/libsodium-wrappers-sumo": "0.7.8",
      },
    },
  },
  "packages": {
    "@noble/hashes": ["@noble/hashes@1.5.0", "", {}, "sha512-1j6kQFb7QRru7eKN3ZDvRcP13rugwdxZqCjbiAVZfIJwgj2A65UmT4TgARXGlXgnRkORLTDTrO19ZErt7+QXgA=="],

    "@scure/base": ["@scure/base@1.1.9", "", {}, "sha512-8YKhl8GHiNI/pU2VMaofa2Tor7PJRAjwQLBBuilkJ9L5+13yVbC7JO/wS7piioAvPSwR3JKM1IJ/u4xQzbcXKg=="],

    "@scure/bip39": ["@scure/bip39@1.4.0", "", { "dependencies": { "@noble/hashes": "~1.5.0", "@scure/base": "~1.1.8" } }, "sha512-BEEm6p8IueV/ZTfQLp/0vhw4NPnT9oWf5+28nvmeUICjP99f4vr2d+qc7AVGDDtwRep6ifR43Yed9ERVmiITzw=="],

    "@types/libsodium-wrappers": ["@types/libsodium-wrappers@0.7.14", "", {}, "sha512-5Kv68fXuXK0iDuUir1WPGw2R9fOZUlYlSAa0ztMcL0s0BfIDTqg9GXz8K30VJpPP3sxWhbolnQma2x+/TfkzDQ=="],

    "@types/libsodium-wrappers-sumo": ["@types/libsodium-wrappers-sumo@0.7.8", "", { "dependencies": { "@types/libsodium-wrappers": "*" } }, "sha512-N2+df4MB/A+W0RAcTw7A5oxKgzD+Vh6Ye7lfjWIi5SdTzVLfHPzxUjhwPqHLO5Ev9fv/+VHl+sUaUuTg4fUPqw=="],

    "libsodium-sumo": ["libsodium-sumo@0.7.16", "", {}, "sha512-x6atrz2AdXCJg6G709x9W9TTJRI6/0NcL5dD0l5GGVqNE48UJmDsjO4RUWYTeyXXUpg+NXZ2SHECaZnFRYzwGA=="],

    "libsodium-wrappers-sumo": ["libsodium-wrappers-sumo@0.7.15", "", { "dependencies": { "libsodium-sumo": "^0.7.15" } }, "sha512-aSWY8wKDZh5TC7rMvEdTHoyppVq/1dTSAeAR7H6pzd6QRT3vQWcT5pGwCotLcpPEOLXX6VvqihSPkpEhYAjANA=="],
  }
}
